// !$*UTF8*$!
{
	archiveVersion = 1;
	classes = {
	};
	objectVersion = 56;
	objects = {

/* Begin PBXBuildFile section */
		45DDEC8F2AB4F5470073C79A /* HelloMVVMApp.swift in Sources */ = {isa = PBXBuildFile; fileRef = 45DDEC8E2AB4F5470073C79A /* HelloMVVMApp.swift */; };
		45DDEC912AB4F5470073C79A /* ContentView.swift in Sources */ = {isa = PBXBuildFile; fileRef = 45DDEC902AB4F5470073C79A /* ContentView.swift */; };
		45DDEC932AB4F54A0073C79A /* Assets.xcassets in Resources */ = {isa = PBXBuildFile; fileRef = 45DDEC922AB4F54A0073C79A /* Assets.xcassets */; };
		45DDEC962AB4F54A0073C79A /* Preview Assets.xcassets in Resources */ = {isa = PBXBuildFile; fileRef = 45DDEC952AB4F54A0073C79A /* Preview Assets.xcassets */; };
		45DDEC9E2AB4F65D0073C79A /* Counter.swift in Sources */ = {isa = PBXBuildFile; fileRef = 45DDEC9D2AB4F65D0073C79A /* Counter.swift */; };
		45DDECA12AB4F7740073C79A /* CounterViewModel.swift in Sources */ = {isa = PBXBuildFile; fileRef = 45DDECA02AB4F7740073C79A /* CounterViewModel.swift */; };
/* End PBXBuildFile section */

/* Begin PBXFileReference section */
		45DDEC8B2AB4F5470073C79A /* HelloMVVM.app */ = {isa = PBXFileReference; explicitFileType = wrapper.application; includeInIndex = 0; path = HelloMVVM.app; sourceTree = BUILT_PRODUCTS_DIR; };
		45DDEC8E2AB4F5470073C79A /* HelloMVVMApp.swift */ = {isa = PBXFileReference; lastKnownFileType = sourcecode.swift; path = HelloMVVMApp.swift; sourceTree = "<group>"; };
		45DDEC902AB4F5470073C79A /* ContentView.swift */ = {isa = PBXFileReference; lastKnownFileType = sourcecode.swift; path = ContentView.swift; sourceTree = "<group>"; };
		45DDEC922AB4F54A0073C79A /* Assets.xcassets */ = {isa = PBXFileReference; lastKnownFileType = folder.assetcatalog; path = Assets.xcassets; sourceTree = "<group>"; };
		45DDEC952AB4F54A0073C79A /* Preview Assets.xcassets */ = {isa = PBXFileReference; lastKnownFileType = folder.assetcatalog; path = "Preview Assets.xcassets"; sourceTree = "<group>"; };
		45DDEC9D2AB4F65D0073C79A /* Counter.swift */ = {isa = PBXFileReference; lastKnownFileType = sourcecode.swift; path = Counter.swift; sourceTree = "<group>"; };
		45DDECA02AB4F7740073C79A /* CounterViewModel.swift */ = {isa = PBXFileReference; lastKnownFileType = sourcecode.swift; path = CounterViewModel.swift; sourceTree = "<group>"; };
/* End PBXFileReference section */

/* Begin PBXFrameworksBuildPhase section */
		45DDEC882AB4F5470073C79A /* Frameworks */ = {
			isa = PBXFrameworksBuildPhase;
			buildActionMask = 2147483647;
			files = (
			);
			runOnlyForDeploymentPostprocessing = 0;
		};
/* End PBXFrameworksBuildPhase section */

/* Begin PBXGroup section */
		45DDEC822AB4F5470073C79A = {
			isa = PBXGroup;
			children = (
				45DDEC8D2AB4F5470073C79A /* HelloMVVM */,
				45DDEC8C2AB4F5470073C79A /* Products */,
			);
			sourceTree = "<group>";
		};
		45DDEC8C2AB4F5470073C79A /* Products */ = {
			isa = PBXGroup;
			children = (
				45DDEC8B2AB4F5470073C79A /* HelloMVVM.app */,
			);
			name = Products;
			sourceTree = "<group>";
		};
		45DDEC8D2AB4F5470073C79A /* HelloMVVM */ = {
			isa = PBXGroup;
			children = (
				45DDEC9C2AB4F6540073C79A /* Models */,
				45DDEC9F2AB4F75B0073C79A /* ViewModels */,
				45DDEC8E2AB4F5470073C79A /* HelloMVVMApp.swift */,
				45DDEC902AB4F5470073C79A /* ContentView.swift */,
				45DDEC922AB4F54A0073C79A /* Assets.xcassets */,
				45DDEC942AB4F54A0073C79A /* Preview Content */,
			);
			path = HelloMVVM;
			sourceTree = "<group>";
		};
		45DDEC942AB4F54A0073C79A /* Preview Content */ = {
			isa = PBXGroup;
			children = (
				45DDEC952AB4F54A0073C79A /* Preview Assets.xcassets */,
			);
			path = "Preview Content";
			sourceTree = "<group>";
		};
		45DDEC9C2AB4F6540073C79A /* Models */ = {
			isa = PBXGroup;
			children = (
				45DDEC9D2AB4F65D0073C79A /* Counter.swift */,
			);
			path = Models;
			sourceTree = "<group>";
		};
		45DDEC9F2AB4F75B0073C79A /* ViewModels */ = {
			isa = PBXGroup;
			children = (
				45DDECA02AB4F7740073C79A /* CounterViewModel.swift */,
			);
			path = ViewModels;
			sourceTree = "<group>";
		};
/* End PBXGroup section */

/* Begin PBXNativeTarget section */
		45DDEC8A2AB4F5470073C79A /* HelloMVVM */ = {
			isa = PBXNativeTarget;
			buildConfigurationList = 45DDEC992AB4F54A0073C79A /* Build configuration list for PBXNativeTarget "HelloMVVM" */;
			buildPhases = (
				45DDEC872AB4F5470073C79A /* Sources */,
				45DDEC882AB4F5470073C79A /* Frameworks */,
				45DDEC892AB4F5470073C79A /* Resources */,
			);
			buildRules = (
			);
			dependencies = (
			);
			name = HelloMVVM;
			productName = HelloMVVM;
			productReference = 45DDEC8B2AB4F5470073C79A /* HelloMVVM.app */;
			productType = "com.apple.product-type.application";
		};
/* End PBXNativeTarget section */

/* Begin PBXProject section */
		45DDEC832AB4F5470073C79A /* Project object */ = {
			isa = PBXProject;
			attributes = {
				BuildIndependentTargetsInParallel = 1;
				LastSwiftUpdateCheck = 1410;
				LastUpgradeCheck = 1410;
				TargetAttributes = {
					45DDEC8A2AB4F5470073C79A = {
						CreatedOnToolsVersion = 14.1;
					};
				};
			};
			buildConfigurationList = 45DDEC862AB4F5470073C79A /* Build configuration list for PBXProject "HelloMVVM" */;
			compatibilityVersion = "Xcode 14.0";
			developmentRegion = en;
			hasScannedForEncodings = 0;
			knownRegions = (
				en,
				Base,
			);
			mainGroup = 45DDEC822AB4F5470073C79A;
			productRefGroup = 45DDEC8C2AB4F5470073C79A /* Products */;
			projectDirPath = "";
			projectRoot = "";
			targets = (
				45DDEC8A2AB4F5470073C79A /* HelloMVVM */,
			);
		};
/* End PBXProject section */

/* Begin PBXResourcesBuildPhase section */
		45DDEC892AB4F5470073C79A /* Resources */ = {
			isa = PBXResourcesBuildPhase;
			buildActionMask = 2147483647;
			files = (
				45DDEC962AB4F54A0073C79A /* Preview Assets.xcassets in Resources */,
				45DDEC932AB4F54A0073C79A /* Assets.xcassets in Resources */,
			);
			runOnlyForDeploymentPostprocessing = 0;
		};
/* End PBXResourcesBuildPhase section */

/* Begin PBXSourcesBuildPhase section */
		45DDEC872AB4F5470073C79A /* Sources */ = {
			isa = PBXSourcesBuildPhase;
			buildActionMask = 2147483647;
			files = (
				45DDEC912AB4F5470073C79A /* ContentView.swift in Sources */,
				45DDECA12AB4F7740073C79A /* CounterViewModel.swift in Sources */,
				45DDEC8F2AB4F5470073C79A /* HelloMVVMApp.swift in Sources */,
				45DDEC9E2AB4F65D0073C79A /* Counter.swift in Sources */,
			);
			runOnlyForDeploymentPostprocessing = 0;
		};
/* End PBXSourcesBuildPhase section */

/* Begin XCBuildConfiguration section */
		45DDEC972AB4F54A0073C79A /* Debug */ = {
			isa = XCBuildConfiguration;
			buildSettings = {
				ALWAYS_SEARCH_USER_PATHS = NO;
				CLANG_ANALYZER_NONNULL = YES;
				CLANG_ANALYZER_NUMBER_OBJECT_CONVERSION = YES_AGGRESSIVE;
				CLANG_CXX_LANGUAGE_STANDARD = "gnu++20";
				CLANG_ENABLE_MODULES = YES;
				CLANG_ENABLE_OBJC_ARC = YES;
				CLANG_ENABLE_OBJC_WEAK = YES;
				CLANG_WARN_BLOCK_CAPTURE_AUTORELEASING = YES;
				CLANG_WARN_BOOL_CONVERSION = YES;
				CLANG_WARN_COMMA = YES;
				CLANG_WARN_CONSTANT_CONVERSION = YES;
				CLANG_WARN_DEPRECATED_OBJC_IMPLEMENTATIONS = YES;
				CLANG_WARN_DIRECT_OBJC_ISA_USAGE = YES_ERROR;
				CLANG_WARN_DOCUMENTATION_COMMENTS = YES;
				CLANG_WARN_EMPTY_BODY = YES;
				CLANG_WARN_ENUM_CONVERSION = YES;
				CLANG_WARN_INFINITE_RECURSION = YES;
				CLANG_WARN_INT_CONVERSION = YES;
				CLANG_WARN_NON_LITERAL_NULL_CONVERSION = YES;
				CLANG_WARN_OBJC_IMPLICIT_RETAIN_SELF = YES;
				CLANG_WARN_OBJC_LITERAL_CONVERSION = YES;
				CLANG_WARN_OBJC_ROOT_CLASS = YES_ERROR;
				CLANG_WARN_QUOTED_INCLUDE_IN_FRAMEWORK_HEADER = YES;
				CLANG_WARN_RANGE_LOOP_ANALYSIS = YES;
				CLANG_WARN_STRICT_PROTOTYPES = YES;
				CLANG_WARN_SUSPICIOUS_MOVE = YES;
				CLANG_WARN_UNGUARDED_AVAILABILITY = YES_AGGRESSIVE;
				CLANG_WARN_UNREACHABLE_CODE = YES;
				CLANG_WARN__DUPLICATE_METHOD_MATCH = YES;
				COPY_PHASE_STRIP = NO;
				DEBUG_INFORMATION_FORMAT = dwarf;
				ENABLE_STRICT_OBJC_MSGSEND = YES;
				ENABLE_TESTABILITY = YES;
				GCC_C_LANGUAGE_STANDARD = gnu11;
				GCC_DYNAMIC_NO_PIC = NO;
				GCC_NO_COMMON_BLOCKS = YES;
				GCC_OPTIMIZATION_LEVEL = 0;
				GCC_PREPROCESSOR_DEFINITIONS = (
					"DEBUG=1",
					"$(inherited)",
				);
				GCC_WARN_64_TO_32_BIT_CONVERSION = YES;
				GCC_WARN_ABOUT_RETURN_TYPE = YES_ERROR;
				GCC_WARN_UNDECLARED_SELECTOR = YES;
				GCC_WARN_UNINITIALIZED_AUTOS = YES_AGGRESSIVE;
				GCC_WARN_UNUSED_FUNCTION = YES;
				GCC_WARN_UNUSED_VARIABLE = YES;
				IPHONEOS_DEPLOYMENT_TARGET = 16.1;
				MTL_ENABLE_DEBUG_INFO = INCLUDE_SOURCE;
				MTL_FAST_MATH = YES;
				ONLY_ACTIVE_ARCH = YES;
				SDKROOT = iphoneos;
				SWIFT_ACTIVE_COMPILATION_CONDITIONS = DEBUG;
				SWIFT_OPTIMIZATION_LEVEL = "-Onone";
			};
			name = Debug;
		};
		45DDEC982AB4F54A0073C79A /* Release */ = {
			isa = XCBuildConfiguration;
			buildSettings = {
				ALWAYS_SEARCH_USER_PATHS = NO;
				CLANG_ANALYZER_NONNULL = YES;
				CLANG_ANALYZER_NUMBER_OBJECT_CONVERSION = YES_AGGRESSIVE;
				CLANG_CXX_LANGUAGE_STANDARD = "gnu++20";
				CLANG_ENABLE_MODULES = YES;
				CLANG_ENABLE_OBJC_ARC = YES;
				CLANG_ENABLE_OBJC_WEAK = YES;
				CLANG_WARN_BLOCK_CAPTURE_AUTORELEASING = YES;
				CLANG_WARN_BOOL_CONVERSION = YES;
				CLANG_WARN_COMMA = YES;
				CLANG_WARN_CONSTANT_CONVERSION = YES;
				CLANG_WARN_DEPRECATED_OBJC_IMPLEMENTATIONS = YES;
				CLANG_WARN_DIRECT_OBJC_ISA_USAGE = YES_ERROR;
				CLANG_WARN_DOCUMENTATION_COMMENTS = YES;
				CLANG_WARN_EMPTY_BODY = YES;
				CLANG_WARN_ENUM_CONVERSION = YES;
				CLANG_WARN_INFINITE_RECURSION = YES;
				CLANG_WARN_INT_CONVERSION = YES;
				CLANG_WARN_NON_LITERAL_NULL_CONVERSION = YES;
				CLANG_WARN_OBJC_IMPLICIT_RETAIN_SELF = YES;
				CLANG_WARN_OBJC_LITERAL_CONVERSION = YES;
				CLANG_WARN_OBJC_ROOT_CLASS = YES_ERROR;
				CLANG_WARN_QUOTED_INCLUDE_IN_FRAMEWORK_HEADER = YES;
				CLANG_WARN_RANGE_LOOP_ANALYSIS = YES;
				CLANG_WARN_STRICT_PROTOTYPES = YES;
				CLANG_WARN_SUSPICIOUS_MOVE = YES;
				CLANG_WARN_UNGUARDED_AVAILABILITY = YES_AGGRESSIVE;
				CLANG_WARN_UNREACHABLE_CODE = YES;
				CLANG_WARN__DUPLICATE_METHOD_MATCH = YES;
				COPY_PHASE_STRIP = NO;
				DEBUG_INFORMATION_FORMAT = "dwarf-with-dsym";
				ENABLE_NS_ASSERTIONS = NO;
				ENABLE_STRICT_OBJC_MSGSEND = YES;
				GCC_C_LANGUAGE_STANDARD = gnu11;
				GCC_NO_COMMON_BLOCKS = YES;
				GCC_WARN_64_TO_32_BIT_CONVERSION = YES;
				GCC_WARN_ABOUT_RETURN_TYPE = YES_ERROR;
				GCC_WARN_UNDECLARED_SELECTOR = YES;
				GCC_WARN_UNINITIALIZED_AUTOS = YES_AGGRESSIVE;
				GCC_WARN_UNUSED_FUNCTION = YES;
				GCC_WARN_UNUSED_VARIABLE = YES;
				IPHONEOS_DEPLOYMENT_TARGET = 16.1;
				MTL_ENABLE_DEBUG_INFO = NO;
				MTL_FAST_MATH = YES;
				SDKROOT = iphoneos;
				SWIFT_COMPILATION_MODE = wholemodule;
				SWIFT_OPTIMIZATION_LEVEL = "-O";
				VALIDATE_PRODUCT = YES;
			};
			name = Release;
		};
		45DDEC9A2AB4F54A0073C79A /* Debug */ = {
			isa = XCBuildConfiguration;
			buildSettings = {
				ASSETCATALOG_COMPILER_APPICON_NAME = AppIcon;
				ASSETCATALOG_COMPILER_GLOBAL_ACCENT_COLOR_NAME = AccentColor;
				CODE_SIGN_STYLE = Automatic;
				CURRENT_PROJECT_VERSION = 1;
				DEVELOPMENT_ASSET_PATHS = "\"HelloMVVM/Preview Content\"";
				DEVELOPMENT_TEAM = D5823NB5DM;
				ENABLE_PREVIEWS = YES;
				GENERATE_INFOPLIST_FILE = YES;
				INFOPLIST_KEY_UIApplicationSceneManifest_Generation = YES;
				INFOPLIST_KEY_UIApplicationSupportsIndirectInputEvents = YES;
				INFOPLIST_KEY_UILaunchScreen_Generation = YES;
				INFOPLIST_KEY_UISupportedInterfaceOrientations_iPad = "UIInterfaceOrientationPortrait UIInterfaceOrientationPortraitUpsideDown UIInterfaceOrientationLandscapeLeft UIInterfaceOrientationLandscapeRight";
				INFOPLIST_KEY_UISupportedInterfaceOrientations_iPhone = "UIInterfaceOrientationPortrait UIInterfaceOrientationLandscapeLeft UIInterfaceOrientationLandscapeRight";
				LD_RUNPATH_SEARCH_PATHS = (
					"$(inherited)",
					"@executable_path/Frameworks",
				);
				MARKETING_VERSION = 1.0;
				PRODUCT_BUNDLE_IDENTIFIER = mbattaglia.HelloMVVM;
				PRODUCT_NAME = "$(TARGET_NAME)";
				SWIFT_EMIT_LOC_STRINGS = YES;
				SWIFT_VERSION = 5.0;
				TARGETED_DEVICE_FAMILY = "1,2";
			};
			name = Debug;
		};
		45DDEC9B2AB4F54A0073C79A /* Release */ = {
			isa = XCBuildConfiguration;
			buildSettings = {
				ASSETCATALOG_COMPILER_APPICON_NAME = AppIcon;
				ASSETCATALOG_COMPILER_GLOBAL_ACCENT_COLOR_NAME = AccentColor;
				CODE_SIGN_STYLE = Automatic;
				CURRENT_PROJECT_VERSION = 1;
				DEVELOPMENT_ASSET_PATHS = "\"HelloMVVM/Preview Content\"";
				DEVELOPMENT_TEAM = D5823NB5DM;
				ENABLE_PREVIEWS = YES;
				GENERATE_INFOPLIST_FILE = YES;
				INFOPLIST_KEY_UIApplicationSceneManifest_Generation = YES;
				INFOPLIST_KEY_UIApplicationSupportsIndirectInputEvents = YES;
				INFOPLIST_KEY_UILaunchScreen_Generation = YES;
				INFOPLIST_KEY_UISupportedInterfaceOrientations_iPad = "UIInterfaceOrientationPortrait UIInterfaceOrientationPortraitUpsideDown UIInterfaceOrientationLandscapeLeft UIInterfaceOrientationLandscapeRight";
				INFOPLIST_KEY_UISupportedInterfaceOrientations_iPhone = "UIInterfaceOrientationPortrait UIInterfaceOrientationLandscapeLeft UIInterfaceOrientationLandscapeRight";
				LD_RUNPATH_SEARCH_PATHS = (
					"$(inherited)",
					"@executable_path/Frameworks",
				);
				MARKETING_VERSION = 1.0;
				PRODUCT_BUNDLE_IDENTIFIER = mbattaglia.HelloMVVM;
				PRODUCT_NAME = "$(TARGET_NAME)";
				SWIFT_EMIT_LOC_STRINGS = YES;
				SWIFT_VERSION = 5.0;
				TARGETED_DEVICE_FAMILY = "1,2";
			};
			name = Release;
		};
/* End XCBuildConfiguration section */

/* Begin XCConfigurationList section */
		45DDEC862AB4F5470073C79A /* Build configuration list for PBXProject "HelloMVVM" */ = {
			isa = XCConfigurationList;
			buildConfigurations = (
				45DDEC972AB4F54A0073C79A /* Debug */,
				45DDEC982AB4F54A0073C79A /* Release */,
			);
			defaultConfigurationIsVisible = 0;
			defaultConfigurationName = Release;
		};
		45DDEC992AB4F54A0073C79A /* Build configuration list for PBXNativeTarget "HelloMVVM" */ = {
			isa = XCConfigurationList;
			buildConfigurations = (
				45DDEC9A2AB4F54A0073C79A /* Debug */,
				45DDEC9B2AB4F54A0073C79A /* Release */,
			);
			defaultConfigurationIsVisible = 0;
			defaultConfigurationName = Release;
		};
/* End XCConfigurationList section */
	};
	rootObject = 45DDEC832AB4F5470073C79A /* Project object */;
}
